
Microsoft Visual Studio Solution File, Format Version 12.00
# Visual Studio Version 16
VisualStudioVersion = 16.0.31729.503
MinimumVisualStudioVersion = 10.0.40219.1
Project("{FAE04EC0-301F-11D3-BF4B-00C04F79EFBC}") = "MFR", "MFR\MFR.csproj", "{08A94E46-60B0-4CBD-BCCC-DC0AAD826913}"
EndProject
Global
	GlobalSection(SolutionConfigurationPlatforms) = preSolution
		Debug|Any CPU = Debug|Any CPU
		Release|Any CPU = Release|Any CPU
	EndGlobalSection
	GlobalSection(ProjectConfigurationPlatforms) = postSolution
		{08A94E46-60B0-4CBD-BCCC-DC0AAD826913}.Debug|Any CPU.ActiveCfg = Debug|Any CPU
		{08A94E46-60B0-4CBD-BCCC-DC0AAD826913}.Debug|Any CPU.Build.0 = Debug|Any CPU
		{08A94E46-60B0-4CBD-BCCC-DC0AAD826913}.Release|Any CPU.ActiveCfg = Release|Any CPU
		{08A94E46-60B0-4CBD-BCCC-DC0AAD826913}.Release|Any CPU.Build.0 = Release|Any CPU
	EndGlobalSection
	GlobalSection(SolutionProperties) = preSolution
		HideSolutionNode = FALSE
	EndGlobalSection
	GlobalSection(ExtensibilityGlobals) = postSolution
		SolutionGuid = {5AD9C12C-F90F-4349-B2E7-BDA366AA07D3}
	EndGlobalSection
EndGlobal
